
Microsoft Visual Studio Solution File, Format Version 12.00
# Visual Studio 15
VisualStudioVersion = 15.0.26730.3
MinimumVisualStudioVersion = 10.0.40219.1
Project("{FAE04EC0-301F-11D3-BF4B-00C04F79EFBC}") = "assessmentLab", "assessmentLab\assessmentLab.csproj", "{2FF27E14-017E-4619-B091-34D0EE87D27D}"
EndProject
Global
	GlobalSection(SolutionConfigurationPlatforms) = preSolution
		Debug|Any CPU = Debug|Any CPU
		Release|Any CPU = Release|Any CPU
	EndGlobalSection
	GlobalSection(ProjectConfigurationPlatforms) = postSolution
		{2FF27E14-017E-4619-B091-34D0EE87D27D}.Debug|Any CPU.ActiveCfg = Debug|Any CPU
		{2FF27E14-017E-4619-B091-34D0EE87D27D}.Debug|Any CPU.Build.0 = Debug|Any CPU
		{2FF27E14-017E-4619-B091-34D0EE87D27D}.Release|Any CPU.ActiveCfg = Release|Any CPU
		{2FF27E14-017E-4619-B091-34D0EE87D27D}.Release|Any CPU.Build.0 = Release|Any CPU
	EndGlobalSection
	GlobalSection(SolutionProperties) = preSolution
		HideSolutionNode = FALSE
	EndGlobalSection
	GlobalSection(ExtensibilityGlobals) = postSolution
		SolutionGuid = {79F1BA97-89B6-4F24-A907-56A41ECD6272}
	EndGlobalSection
EndGlobal
